
Microsoft Visual Studio Solution File, Format Version 12.00
# Visual Studio Version 17
VisualStudioVersion = 17.5.2.0
MinimumVisualStudioVersion = 10.0.40219.1
Project("{FAE04EC0-301F-11D3-BF4B-00C04F79EFBC}") = "StudentApi", "StudentApi.csproj", "{8D14652B-E403-0644-5C1C-139401D8A146}"
EndProject
Project("{FAE04EC0-301F-11D3-BF4B-00C04F79EFBC}") = "StudentApi.Tests", "StudentApi.Tests\StudentApi.Tests.csproj", "{56509B13-3CD5-4184-874F-874DA5675E07}"
EndProject
Global
	GlobalSection(SolutionConfigurationPlatforms) = preSolution
		Debug|Any CPU = Debug|Any CPU
		Debug|x64 = Debug|x64
		Debug|x86 = Debug|x86
		Release|Any CPU = Release|Any CPU
		Release|x64 = Release|x64
		Release|x86 = Release|x86
	EndGlobalSection
	GlobalSection(ProjectConfigurationPlatforms) = postSolution
		{8D14652B-E403-0644-5C1C-139401D8A146}.Debug|Any CPU.ActiveCfg = Debug|Any CPU
		{8D14652B-E403-0644-5C1C-139401D8A146}.Debug|Any CPU.Build.0 = Debug|Any CPU
		{8D14652B-E403-0644-5C1C-139401D8A146}.Debug|x64.ActiveCfg = Debug|Any CPU
		{8D14652B-E403-0644-5C1C-139401D8A146}.Debug|x64.Build.0 = Debug|Any CPU
		{8D14652B-E403-0644-5C1C-139401D8A146}.Debug|x86.ActiveCfg = Debug|Any CPU
		{8D14652B-E403-0644-5C1C-139401D8A146}.Debug|x86.Build.0 = Debug|Any CPU
		{8D14652B-E403-0644-5C1C-139401D8A146}.Release|Any CPU.ActiveCfg = Release|Any CPU
		{8D14652B-E403-0644-5C1C-139401D8A146}.Release|Any CPU.Build.0 = Release|Any CPU
		{8D14652B-E403-0644-5C1C-139401D8A146}.Release|x64.ActiveCfg = Release|Any CPU
		{8D14652B-E403-0644-5C1C-139401D8A146}.Release|x64.Build.0 = Release|Any CPU
		{8D14652B-E403-0644-5C1C-139401D8A146}.Release|x86.ActiveCfg = Release|Any CPU
		{8D14652B-E403-0644-5C1C-139401D8A146}.Release|x86.Build.0 = Release|Any CPU
		{56509B13-3CD5-4184-874F-874DA5675E07}.Debug|Any CPU.ActiveCfg = Debug|Any CPU
		{56509B13-3CD5-4184-874F-874DA5675E07}.Debug|Any CPU.Build.0 = Debug|Any CPU
		{56509B13-3CD5-4184-874F-874DA5675E07}.Debug|x64.ActiveCfg = Debug|Any CPU
		{56509B13-3CD5-4184-874F-874DA5675E07}.Debug|x64.Build.0 = Debug|Any CPU
		{56509B13-3CD5-4184-874F-874DA5675E07}.Debug|x86.ActiveCfg = Debug|Any CPU
		{56509B13-3CD5-4184-874F-874DA5675E07}.Debug|x86.Build.0 = Debug|Any CPU
		{56509B13-3CD5-4184-874F-874DA5675E07}.Release|Any CPU.ActiveCfg = Release|Any CPU
		{56509B13-3CD5-4184-874F-874DA5675E07}.Release|Any CPU.Build.0 = Release|Any CPU
		{56509B13-3CD5-4184-874F-874DA5675E07}.Release|x64.ActiveCfg = Release|Any CPU
		{56509B13-3CD5-4184-874F-874DA5675E07}.Release|x64.Build.0 = Release|Any CPU
		{56509B13-3CD5-4184-874F-874DA5675E07}.Release|x86.ActiveCfg = Release|Any CPU
		{56509B13-3CD5-4184-874F-874DA5675E07}.Release|x86.Build.0 = Release|Any CPU
	EndGlobalSection
	GlobalSection(SolutionProperties) = preSolution
		HideSolutionNode = FALSE
	EndGlobalSection
	GlobalSection(ExtensibilityGlobals) = postSolution
		SolutionGuid = {459EC5A6-03EA-4892-B4D4-3670BB5EBA5F}
	EndGlobalSection
EndGlobal
